
Microsoft Visual Studio Solution File, Format Version 12.00
# Visual Studio Version 16
VisualStudioVersion = 16.0.31727.386
MinimumVisualStudioVersion = 10.0.40219.1
Project("{FAE04EC0-301F-11D3-BF4B-00C04F79EFBC}") = "SignUp_SignIn", "SignUp_SignIn.csproj", "{0986A719-5C44-4FDE-9590-978B264D55DC}"
EndProject
Global
	GlobalSection(SolutionConfigurationPlatforms) = preSolution
		Debug|Any CPU = Debug|Any CPU
		Release|Any CPU = Release|Any CPU
	EndGlobalSection
	GlobalSection(ProjectConfigurationPlatforms) = postSolution
		{0986A719-5C44-4FDE-9590-978B264D55DC}.Debug|Any CPU.ActiveCfg = Debug|Any CPU
		{0986A719-5C44-4FDE-9590-978B264D55DC}.Debug|Any CPU.Build.0 = Debug|Any CPU
		{0986A719-5C44-4FDE-9590-978B264D55DC}.Release|Any CPU.ActiveCfg = Release|Any CPU
		{0986A719-5C44-4FDE-9590-978B264D55DC}.Release|Any CPU.Build.0 = Release|Any CPU
	EndGlobalSection
	GlobalSection(SolutionProperties) = preSolution
		HideSolutionNode = FALSE
	EndGlobalSection
	GlobalSection(ExtensibilityGlobals) = postSolution
		SolutionGuid = {9E7B646D-AD9A-4343-8CBD-89CE511928F2}
	EndGlobalSection
EndGlobal
